// !$*UTF8*$!
{
	archiveVersion = 1;
	classes = {
	};
	objectVersion = 55;
	objects = {

/* Begin PBXBuildFile section */
		0E02B53A2882FFD100CD9CBE /* LocalDataManager.swift in Sources */ = {isa = PBXBuildFile; fileRef = 0E02B5392882FFD100CD9CBE /* LocalDataManager.swift */; };
		0E02B53D2882FFD100CD9CBE /* LocalDataManager.swift in Sources */ = {isa = PBXBuildFile; fileRef = 0E02B5392882FFD100CD9CBE /* LocalDataManager.swift */; };
		0E032F592A50E03600E94035 /* SettingContentViewModel.swift in Sources */ = {isa = PBXBuildFile; fileRef = 0E032F582A50E03600E94035 /* SettingContentViewModel.swift */; };
		0E032F5B2A50E15D00E94035 /* ViewConfig.swift in Sources */ = {isa = PBXBuildFile; fileRef = 0E032F5A2A50E15D00E94035 /* ViewConfig.swift */; };
		0E032F5C2A51518B00E94035 /* ViewConfig.swift in Sources */ = {isa = PBXBuildFile; fileRef = 0E032F5A2A50E15D00E94035 /* ViewConfig.swift */; };
		0E0D0CDF2A4D716F001697FF /* Extension_UIViewController.swift in Sources */ = {isa = PBXBuildFile; fileRef = 0E0D0CDE2A4D716F001697FF /* Extension_UIViewController.swift */; };
		0E0D0CE12A4D7A23001697FF /* LibraryContentCellViewModel.swift in Sources */ = {isa = PBXBuildFile; fileRef = 0E0D0CE02A4D7A23001697FF /* LibraryContentCellViewModel.swift */; };
		0E10803F2A2750F000E94515 /* IAPIManager.swift in Sources */ = {isa = PBXBuildFile; fileRef = 0E10803E2A2750F000E94515 /* IAPIManager.swift */; };
		0E1080422A2750F000E94515 /* IAPIManager.swift in Sources */ = {isa = PBXBuildFile; fileRef = 0E10803E2A2750F000E94515 /* IAPIManager.swift */; };
		0E45E1FD287075DE00285D2A /* pokemon_with_iosApp.swift in Sources */ = {isa = PBXBuildFile; fileRef = 0E45E1FC287075DE00285D2A /* pokemon_with_iosApp.swift */; };
		0E45E1FF287075DE00285D2A /* SettingContentView.swift in Sources */ = {isa = PBXBuildFile; fileRef = 0E45E1FE287075DE00285D2A /* SettingContentView.swift */; };
		0E45E201287075E200285D2A /* Assets.xcassets in Resources */ = {isa = PBXBuildFile; fileRef = 0E45E200287075E200285D2A /* Assets.xcassets */; };
		0E45E204287075E300285D2A /* Preview Assets.xcassets in Resources */ = {isa = PBXBuildFile; fileRef = 0E45E203287075E300285D2A /* Preview Assets.xcassets */; };
		0E45E22D287079FF00285D2A /* WidgetKit.framework in Frameworks */ = {isa = PBXBuildFile; fileRef = 0E45E22C287079FF00285D2A /* WidgetKit.framework */; };
		0E45E22F287079FF00285D2A /* SwiftUI.framework in Frameworks */ = {isa = PBXBuildFile; fileRef = 0E45E22E287079FF00285D2A /* SwiftUI.framework */; };
		0E45E232287079FF00285D2A /* pokemon_with_ios_widget.swift in Sources */ = {isa = PBXBuildFile; fileRef = 0E45E231287079FF00285D2A /* pokemon_with_ios_widget.swift */; };
		0E45E23528707A0100285D2A /* Assets.xcassets in Resources */ = {isa = PBXBuildFile; fileRef = 0E45E23428707A0100285D2A /* Assets.xcassets */; };
		0E45E23728707A0100285D2A /* pokemon_with_ios_widget.intentdefinition in Sources */ = {isa = PBXBuildFile; fileRef = 0E45E233287079FF00285D2A /* pokemon_with_ios_widget.intentdefinition */; };
		0E45E23828707A0100285D2A /* pokemon_with_ios_widget.intentdefinition in Sources */ = {isa = PBXBuildFile; fileRef = 0E45E233287079FF00285D2A /* pokemon_with_ios_widget.intentdefinition */; };
		0E45E23B28707A0100285D2A /* pokemon_with_ios_widgetExtension.appex in Embed App Extensions */ = {isa = PBXBuildFile; fileRef = 0E45E22A287079FF00285D2A /* pokemon_with_ios_widgetExtension.appex */; settings = {ATTRIBUTES = (RemoveHeadersOnCopy, ); }; };
		0E64080B2A5BCA1F00AAF180 /* PokemonEntityValueTests.swift in Sources */ = {isa = PBXBuildFile; fileRef = 0E64080A2A5BCA1F00AAF180 /* PokemonEntityValueTests.swift */; };
		0E64081E2A5BCC6800AAF180 /* PokemonEntity.swift in Sources */ = {isa = PBXBuildFile; fileRef = 0E9E15422A122E00003ACDE8 /* PokemonEntity.swift */; };
		0E64081F2A5BCC9200AAF180 /* Extension_Color.swift in Sources */ = {isa = PBXBuildFile; fileRef = 0E95E6D3288992DE00F05B05 /* Extension_Color.swift */; };
		0E78E979287F02B50070EED0 /* Pokemon.json in Resources */ = {isa = PBXBuildFile; fileRef = 0E78E978287F02B50070EED0 /* Pokemon.json */; };
		0E78E97C287F02B50070EED0 /* Pokemon.json in Resources */ = {isa = PBXBuildFile; fileRef = 0E78E978287F02B50070EED0 /* Pokemon.json */; };
		0E7A11F8288A5EFE001D8006 /* PokemonType.swift in Sources */ = {isa = PBXBuildFile; fileRef = 0E7A11F7288A5EFE001D8006 /* PokemonType.swift */; };
		0E7A11FB288A5EFE001D8006 /* PokemonType.swift in Sources */ = {isa = PBXBuildFile; fileRef = 0E7A11F7288A5EFE001D8006 /* PokemonType.swift */; };
		0E87BCA7288EC7C900F9D490 /* Localizable.strings in Resources */ = {isa = PBXBuildFile; fileRef = 0E87BCAC288EC7C900F9D490 /* Localizable.strings */; };
		0E87BCAA288EC7C900F9D490 /* Localizable.strings in Resources */ = {isa = PBXBuildFile; fileRef = 0E87BCAC288EC7C900F9D490 /* Localizable.strings */; };
		0E87BCB4288EDA3200F9D490 /* InfoPlist.strings in Resources */ = {isa = PBXBuildFile; fileRef = 0E87BCB9288EDA3200F9D490 /* InfoPlist.strings */; };
		0E87BCB7288EDA3200F9D490 /* InfoPlist.strings in Resources */ = {isa = PBXBuildFile; fileRef = 0E87BCB9288EDA3200F9D490 /* InfoPlist.strings */; };
		0E94D6952A4BA7DE0093D7AD /* ModalPopUpView.swift in Sources */ = {isa = PBXBuildFile; fileRef = 0E94D6942A4BA7DE0093D7AD /* ModalPopUpView.swift */; };
		0E9579252A5D5CC600A87A8C /* XCTest.framework in Frameworks */ = {isa = PBXBuildFile; fileRef = 0E6408122A5BCA7200AAF180 /* XCTest.framework */; platformFilter = ios; };
		0E95792E2A5D5D9F00A87A8C /* Nimble in Frameworks */ = {isa = PBXBuildFile; productRef = 0E95792D2A5D5D9F00A87A8C /* Nimble */; };
		0E9579312A5D5DBC00A87A8C /* Quick in Frameworks */ = {isa = PBXBuildFile; productRef = 0E9579302A5D5DBC00A87A8C /* Quick */; };
		0E95E6C928897F2400F05B05 /* Color.xcassets in Resources */ = {isa = PBXBuildFile; fileRef = 0E95E6C828897F2400F05B05 /* Color.xcassets */; };
		0E95E6CC28897F2400F05B05 /* Color.xcassets in Resources */ = {isa = PBXBuildFile; fileRef = 0E95E6C828897F2400F05B05 /* Color.xcassets */; };
		0E95E6D4288992DE00F05B05 /* Extension_Color.swift in Sources */ = {isa = PBXBuildFile; fileRef = 0E95E6D3288992DE00F05B05 /* Extension_Color.swift */; };
		0E95E6D7288992DE00F05B05 /* Extension_Color.swift in Sources */ = {isa = PBXBuildFile; fileRef = 0E95E6D3288992DE00F05B05 /* Extension_Color.swift */; };
		0E9D80DD288A7EFA009D93A4 /* PokemonType.json in Resources */ = {isa = PBXBuildFile; fileRef = 0E9D80DC288A7EFA009D93A4 /* PokemonType.json */; };
		0E9D80E0288A7EFA009D93A4 /* PokemonType.json in Resources */ = {isa = PBXBuildFile; fileRef = 0E9D80DC288A7EFA009D93A4 /* PokemonType.json */; };
		0E9E15432A122E00003ACDE8 /* PokemonEntity.swift in Sources */ = {isa = PBXBuildFile; fileRef = 0E9E15422A122E00003ACDE8 /* PokemonEntity.swift */; };
		0E9E15462A122E00003ACDE8 /* PokemonEntity.swift in Sources */ = {isa = PBXBuildFile; fileRef = 0E9E15422A122E00003ACDE8 /* PokemonEntity.swift */; };
		0EB8E6AC2A16F59A00E643C1 /* IRepository.swift in Sources */ = {isa = PBXBuildFile; fileRef = 0EB8E6AB2A16F59A00E643C1 /* IRepository.swift */; };
		0EB8E6AF2A16F5D400E643C1 /* IRepository.swift in Sources */ = {isa = PBXBuildFile; fileRef = 0EB8E6AB2A16F59A00E643C1 /* IRepository.swift */; };
		0EB9C4AC29FFA05100817997 /* Realm in Frameworks */ = {isa = PBXBuildFile; productRef = 0EB9C4AB29FFA05100817997 /* Realm */; };
		0EB9C4AE29FFA05100817997 /* RealmSwift in Frameworks */ = {isa = PBXBuildFile; productRef = 0EB9C4AD29FFA05100817997 /* RealmSwift */; };
		0EB9C4B029FFA09C00817997 /* Realm in Frameworks */ = {isa = PBXBuildFile; productRef = 0EB9C4AF29FFA09C00817997 /* Realm */; };
		0EB9C4B229FFA09C00817997 /* RealmSwift in Frameworks */ = {isa = PBXBuildFile; productRef = 0EB9C4B129FFA09C00817997 /* RealmSwift */; };
		0EB9C4B429FFA29B00817997 /* PokemonRealmModel.swift in Sources */ = {isa = PBXBuildFile; fileRef = 0EB9C4B329FFA29A00817997 /* PokemonRealmModel.swift */; };
		0EB9C4B729FFA29B00817997 /* PokemonRealmModel.swift in Sources */ = {isa = PBXBuildFile; fileRef = 0EB9C4B329FFA29A00817997 /* PokemonRealmModel.swift */; };
		0EB9C4B929FFA34B00817997 /* RealmRepository.swift in Sources */ = {isa = PBXBuildFile; fileRef = 0EB9C4B829FFA34B00817997 /* RealmRepository.swift */; };
		0EB9C4BC29FFA34B00817997 /* RealmRepository.swift in Sources */ = {isa = PBXBuildFile; fileRef = 0EB9C4B829FFA34B00817997 /* RealmRepository.swift */; };
		0EBB024D2877FDB50001B5E1 /* Pokemon.swift in Sources */ = {isa = PBXBuildFile; fileRef = 0EBB024C2877FDB50001B5E1 /* Pokemon.swift */; };
		0EBB02502877FDB50001B5E1 /* Pokemon.swift in Sources */ = {isa = PBXBuildFile; fileRef = 0EBB024C2877FDB50001B5E1 /* Pokemon.swift */; };
		0EBF3D8A287D5B07002A8CCF /* PokemonEntityFactory.swift in Sources */ = {isa = PBXBuildFile; fileRef = 0EBF3D89287D5B07002A8CCF /* PokemonEntityFactory.swift */; };
		0EBF3D8D287D5B08002A8CCF /* PokemonEntityFactory.swift in Sources */ = {isa = PBXBuildFile; fileRef = 0EBF3D89287D5B07002A8CCF /* PokemonEntityFactory.swift */; };
		0ECE1FAF2A29E2B5002D8992 /* PokemonContentViewModel.swift in Sources */ = {isa = PBXBuildFile; fileRef = 0ECE1FAE2A29E2B5002D8992 /* PokemonContentViewModel.swift */; };
		0ECE1FB22A29E2B5002D8992 /* PokemonContentViewModel.swift in Sources */ = {isa = PBXBuildFile; fileRef = 0ECE1FAE2A29E2B5002D8992 /* PokemonContentViewModel.swift */; };
		0ED2DD3B287679320082D4C4 /* PokemonApiService.swift in Sources */ = {isa = PBXBuildFile; fileRef = 0ED2DD3A287679320082D4C4 /* PokemonApiService.swift */; };
		0ED2DD3E287679320082D4C4 /* PokemonApiService.swift in Sources */ = {isa = PBXBuildFile; fileRef = 0ED2DD3A287679320082D4C4 /* PokemonApiService.swift */; };
		0ED2DD4128767ACE0082D4C4 /* Alamofire in Frameworks */ = {isa = PBXBuildFile; productRef = 0ED2DD4028767ACE0082D4C4 /* Alamofire */; };
		0ED2DD44287680570082D4C4 /* APIAlamofireManager.swift in Sources */ = {isa = PBXBuildFile; fileRef = 0ED2DD43287680570082D4C4 /* APIAlamofireManager.swift */; };
		0ED2DD47287680570082D4C4 /* APIAlamofireManager.swift in Sources */ = {isa = PBXBuildFile; fileRef = 0ED2DD43287680570082D4C4 /* APIAlamofireManager.swift */; };
		0ED9F2562A5F6CB900159E66 /* DomainConfig.swift in Sources */ = {isa = PBXBuildFile; fileRef = 0ED9F2552A5F6CB900159E66 /* DomainConfig.swift */; };
		0ED9F2572A5F6E1D00159E66 /* DomainConfig.swift in Sources */ = {isa = PBXBuildFile; fileRef = 0ED9F2552A5F6CB900159E66 /* DomainConfig.swift */; };
		0EDF9A7528771041004AE2BE /* Alamofire in Frameworks */ = {isa = PBXBuildFile; productRef = 0EDF9A7428771041004AE2BE /* Alamofire */; };
		0EE72C0C2A4716340053F47B /* MainContentView.swift in Sources */ = {isa = PBXBuildFile; fileRef = 0EE72C0B2A4716340053F47B /* MainContentView.swift */; };
		0EE72C0E2A4716910053F47B /* LibraryContentView.swift in Sources */ = {isa = PBXBuildFile; fileRef = 0EE72C0D2A4716910053F47B /* LibraryContentView.swift */; };
		0EE72C112A483B170053F47B /* SDWebImageSwiftUI in Frameworks */ = {isa = PBXBuildFile; productRef = 0EE72C102A483B170053F47B /* SDWebImageSwiftUI */; };
		0EE72C132A49093B0053F47B /* LibraryContentViewModel.swift in Sources */ = {isa = PBXBuildFile; fileRef = 0EE72C122A49093B0053F47B /* LibraryContentViewModel.swift */; };
		0EE7AA072880D8E200A3CBD5 /* PokemonSpecies.json in Resources */ = {isa = PBXBuildFile; fileRef = 0EE7AA062880D8E200A3CBD5 /* PokemonSpecies.json */; };
		0EE7AA0A2880D8E200A3CBD5 /* PokemonSpecies.json in Resources */ = {isa = PBXBuildFile; fileRef = 0EE7AA062880D8E200A3CBD5 /* PokemonSpecies.json */; };
		0EE7AA0C2880DAB700A3CBD5 /* PokemonSpecies.swift in Sources */ = {isa = PBXBuildFile; fileRef = 0EE7AA0B2880DAB700A3CBD5 /* PokemonSpecies.swift */; };
		0EE7AA0F2880DAB700A3CBD5 /* PokemonSpecies.swift in Sources */ = {isa = PBXBuildFile; fileRef = 0EE7AA0B2880DAB700A3CBD5 /* PokemonSpecies.swift */; };
		0EFF559C2A2C854100588EB6 /* PokemonContentView.swift in Sources */ = {isa = PBXBuildFile; fileRef = 0EFF559B2A2C854100588EB6 /* PokemonContentView.swift */; };
		0EFF559F2A2C854100588EB6 /* PokemonContentView.swift in Sources */ = {isa = PBXBuildFile; fileRef = 0EFF559B2A2C854100588EB6 /* PokemonContentView.swift */; };
/* End PBXBuildFile section */

/* Begin PBXContainerItemProxy section */
		0E45E23928707A0100285D2A /* PBXContainerItemProxy */ = {
			isa = PBXContainerItemProxy;
			containerPortal = 0E45E1F1287075DE00285D2A /* Project object */;
			proxyType = 1;
			remoteGlobalIDString = 0E45E229287079FF00285D2A;
			remoteInfo = pokemon_with_ios_widgetExtension;
		};
		0E64080C2A5BCA1F00AAF180 /* PBXContainerItemProxy */ = {
			isa = PBXContainerItemProxy;
			containerPortal = 0E45E1F1287075DE00285D2A /* Project object */;
			proxyType = 1;
			remoteGlobalIDString = 0E45E1F8287075DE00285D2A;
			remoteInfo = pokemon_with_ios;
		};
/* End PBXContainerItemProxy section */

/* Begin PBXCopyFilesBuildPhase section */
		0E45E23C28707A0100285D2A /* Embed App Extensions */ = {
			isa = PBXCopyFilesBuildPhase;
			buildActionMask = 2147483647;
			dstPath = "";
			dstSubfolderSpec = 13;
			files = (
				0E45E23B28707A0100285D2A /* pokemon_with_ios_widgetExtension.appex in Embed App Extensions */,
			);
			name = "Embed App Extensions";
			runOnlyForDeploymentPostprocessing = 0;
		};
/* End PBXCopyFilesBuildPhase section */

/* Begin PBXFileReference section */
		0E02B5392882FFD100CD9CBE /* LocalDataManager.swift */ = {isa = PBXFileReference; lastKnownFileType = sourcecode.swift; path = LocalDataManager.swift; sourceTree = "<group>"; };
		0E032F582A50E03600E94035 /* SettingContentViewModel.swift */ = {isa = PBXFileReference; lastKnownFileType = sourcecode.swift; path = SettingContentViewModel.swift; sourceTree = "<group>"; };
		0E032F5A2A50E15D00E94035 /* ViewConfig.swift */ = {isa = PBXFileReference; lastKnownFileType = sourcecode.swift; path = ViewConfig.swift; sourceTree = "<group>"; };
		0E0D0CDE2A4D716F001697FF /* Extension_UIViewController.swift */ = {isa = PBXFileReference; lastKnownFileType = sourcecode.swift; path = Extension_UIViewController.swift; sourceTree = "<group>"; };
		0E0D0CE02A4D7A23001697FF /* LibraryContentCellViewModel.swift */ = {isa = PBXFileReference; lastKnownFileType = sourcecode.swift; path = LibraryContentCellViewModel.swift; sourceTree = "<group>"; };
		0E10803E2A2750F000E94515 /* IAPIManager.swift */ = {isa = PBXFileReference; lastKnownFileType = sourcecode.swift; path = IAPIManager.swift; sourceTree = "<group>"; };
		0E45E1F9287075DE00285D2A /* pokemon_with_ios.app */ = {isa = PBXFileReference; explicitFileType = wrapper.application; includeInIndex = 0; path = pokemon_with_ios.app; sourceTree = BUILT_PRODUCTS_DIR; };
		0E45E1FC287075DE00285D2A /* pokemon_with_iosApp.swift */ = {isa = PBXFileReference; lastKnownFileType = sourcecode.swift; path = pokemon_with_iosApp.swift; sourceTree = "<group>"; };
		0E45E1FE287075DE00285D2A /* SettingContentView.swift */ = {isa = PBXFileReference; lastKnownFileType = sourcecode.swift; path = SettingContentView.swift; sourceTree = "<group>"; };
		0E45E200287075E200285D2A /* Assets.xcassets */ = {isa = PBXFileReference; lastKnownFileType = folder.assetcatalog; path = Assets.xcassets; sourceTree = "<group>"; };
		0E45E203287075E300285D2A /* Preview Assets.xcassets */ = {isa = PBXFileReference; lastKnownFileType = folder.assetcatalog; path = "Preview Assets.xcassets"; sourceTree = "<group>"; };
		0E45E22A287079FF00285D2A /* pokemon_with_ios_widgetExtension.appex */ = {isa = PBXFileReference; explicitFileType = "wrapper.app-extension"; includeInIndex = 0; path = pokemon_with_ios_widgetExtension.appex; sourceTree = BUILT_PRODUCTS_DIR; };
		0E45E22C287079FF00285D2A /* WidgetKit.framework */ = {isa = PBXFileReference; lastKnownFileType = wrapper.framework; name = WidgetKit.framework; path = System/Library/Frameworks/WidgetKit.framework; sourceTree = SDKROOT; };
		0E45E22E287079FF00285D2A /* SwiftUI.framework */ = {isa = PBXFileReference; lastKnownFileType = wrapper.framework; name = SwiftUI.framework; path = System/Library/Frameworks/SwiftUI.framework; sourceTree = SDKROOT; };
		0E45E231287079FF00285D2A /* pokemon_with_ios_widget.swift */ = {isa = PBXFileReference; lastKnownFileType = sourcecode.swift; path = pokemon_with_ios_widget.swift; sourceTree = "<group>"; };
		0E45E233287079FF00285D2A /* pokemon_with_ios_widget.intentdefinition */ = {isa = PBXFileReference; lastKnownFileType = file.intentdefinition; path = pokemon_with_ios_widget.intentdefinition; sourceTree = "<group>"; };
		0E45E23428707A0100285D2A /* Assets.xcassets */ = {isa = PBXFileReference; lastKnownFileType = folder.assetcatalog; path = Assets.xcassets; sourceTree = "<group>"; };
		0E45E23628707A0100285D2A /* Info.plist */ = {isa = PBXFileReference; lastKnownFileType = text.plist.xml; path = Info.plist; sourceTree = "<group>"; };
		0E6408082A5BCA1F00AAF180 /* pokemon_with_iosTests.xctest */ = {isa = PBXFileReference; explicitFileType = wrapper.cfbundle; includeInIndex = 0; path = pokemon_with_iosTests.xctest; sourceTree = BUILT_PRODUCTS_DIR; };
		0E64080A2A5BCA1F00AAF180 /* PokemonEntityValueTests.swift */ = {isa = PBXFileReference; lastKnownFileType = sourcecode.swift; path = PokemonEntityValueTests.swift; sourceTree = "<group>"; };
		0E6408122A5BCA7200AAF180 /* XCTest.framework */ = {isa = PBXFileReference; lastKnownFileType = wrapper.framework; name = XCTest.framework; path = Platforms/iPhoneOS.platform/Developer/Library/Frameworks/XCTest.framework; sourceTree = DEVELOPER_DIR; };
		0E78E978287F02B50070EED0 /* Pokemon.json */ = {isa = PBXFileReference; lastKnownFileType = text.json; path = Pokemon.json; sourceTree = "<group>"; };
		0E7A11F7288A5EFE001D8006 /* PokemonType.swift */ = {isa = PBXFileReference; lastKnownFileType = sourcecode.swift; path = PokemonType.swift; sourceTree = "<group>"; };
		0E87BCAB288EC7C900F9D490 /* en */ = {isa = PBXFileReference; lastKnownFileType = text.plist.strings; name = en; path = en.lproj/Localizable.strings; sourceTree = "<group>"; };
		0E87BCAD288EC7CB00F9D490 /* ja */ = {isa = PBXFileReference; lastKnownFileType = text.plist.strings; name = ja; path = ja.lproj/Localizable.strings; sourceTree = "<group>"; };
		0E87BCB8288EDA3200F9D490 /* en */ = {isa = PBXFileReference; lastKnownFileType = text.plist.strings; name = en; path = en.lproj/InfoPlist.strings; sourceTree = "<group>"; };
		0E87BCBA288EDA3400F9D490 /* ja */ = {isa = PBXFileReference; lastKnownFileType = text.plist.strings; name = ja; path = ja.lproj/InfoPlist.strings; sourceTree = "<group>"; };
		0E94D6942A4BA7DE0093D7AD /* ModalPopUpView.swift */ = {isa = PBXFileReference; lastKnownFileType = sourcecode.swift; path = ModalPopUpView.swift; sourceTree = "<group>"; };
		0E95E6C828897F2400F05B05 /* Color.xcassets */ = {isa = PBXFileReference; lastKnownFileType = folder.assetcatalog; path = Color.xcassets; sourceTree = "<group>"; };
		0E95E6D3288992DE00F05B05 /* Extension_Color.swift */ = {isa = PBXFileReference; lastKnownFileType = sourcecode.swift; path = Extension_Color.swift; sourceTree = "<group>"; };
		0E9D80DC288A7EFA009D93A4 /* PokemonType.json */ = {isa = PBXFileReference; lastKnownFileType = text.json; path = PokemonType.json; sourceTree = "<group>"; };
		0E9E153F2A122445003ACDE8 /* pokemon_with_ios_widgetExtension.entitlements */ = {isa = PBXFileReference; lastKnownFileType = text.plist.entitlements; path = pokemon_with_ios_widgetExtension.entitlements; sourceTree = "<group>"; };
		0E9E15402A12249B003ACDE8 /* pokemon_with_ios.entitlements */ = {isa = PBXFileReference; lastKnownFileType = text.plist.entitlements; path = pokemon_with_ios.entitlements; sourceTree = "<group>"; };
		0E9E15422A122E00003ACDE8 /* PokemonEntity.swift */ = {isa = PBXFileReference; lastKnownFileType = sourcecode.swift; path = PokemonEntity.swift; sourceTree = "<group>"; };
		0EB8E6AB2A16F59A00E643C1 /* IRepository.swift */ = {isa = PBXFileReference; lastKnownFileType = sourcecode.swift; path = IRepository.swift; sourceTree = "<group>"; };
		0EB9C4B329FFA29A00817997 /* PokemonRealmModel.swift */ = {isa = PBXFileReference; lastKnownFileType = sourcecode.swift; path = PokemonRealmModel.swift; sourceTree = "<group>"; };
		0EB9C4B829FFA34B00817997 /* RealmRepository.swift */ = {isa = PBXFileReference; lastKnownFileType = sourcecode.swift; path = RealmRepository.swift; sourceTree = "<group>"; };
		0EBB024C2877FDB50001B5E1 /* Pokemon.swift */ = {isa = PBXFileReference; lastKnownFileType = sourcecode.swift; path = Pokemon.swift; sourceTree = "<group>"; };
		0EBF3D89287D5B07002A8CCF /* PokemonEntityFactory.swift */ = {isa = PBXFileReference; lastKnownFileType = sourcecode.swift; path = PokemonEntityFactory.swift; sourceTree = "<group>"; };
		0ECE1FAE2A29E2B5002D8992 /* PokemonContentViewModel.swift */ = {isa = PBXFileReference; lastKnownFileType = sourcecode.swift; path = PokemonContentViewModel.swift; sourceTree = "<group>"; };
		0ED2DD3A287679320082D4C4 /* PokemonApiService.swift */ = {isa = PBXFileReference; lastKnownFileType = sourcecode.swift; path = PokemonApiService.swift; sourceTree = "<group>"; };
		0ED2DD43287680570082D4C4 /* APIAlamofireManager.swift */ = {isa = PBXFileReference; lastKnownFileType = sourcecode.swift; path = APIAlamofireManager.swift; sourceTree = "<group>"; };
		0ED9F2552A5F6CB900159E66 /* DomainConfig.swift */ = {isa = PBXFileReference; lastKnownFileType = sourcecode.swift; path = DomainConfig.swift; sourceTree = "<group>"; };
		0EE72C0B2A4716340053F47B /* MainContentView.swift */ = {isa = PBXFileReference; lastKnownFileType = sourcecode.swift; path = MainContentView.swift; sourceTree = "<group>"; };
		0EE72C0D2A4716910053F47B /* LibraryContentView.swift */ = {isa = PBXFileReference; lastKnownFileType = sourcecode.swift; path = LibraryContentView.swift; sourceTree = "<group>"; };
		0EE72C122A49093B0053F47B /* LibraryContentViewModel.swift */ = {isa = PBXFileReference; lastKnownFileType = sourcecode.swift; path = LibraryContentViewModel.swift; sourceTree = "<group>"; };
		0EE7AA062880D8E200A3CBD5 /* PokemonSpecies.json */ = {isa = PBXFileReference; lastKnownFileType = text.json; path = PokemonSpecies.json; sourceTree = "<group>"; };
		0EE7AA0B2880DAB700A3CBD5 /* PokemonSpecies.swift */ = {isa = PBXFileReference; lastKnownFileType = sourcecode.swift; path = PokemonSpecies.swift; sourceTree = "<group>"; };
		0EFF559B2A2C854100588EB6 /* PokemonContentView.swift */ = {isa = PBXFileReference; lastKnownFileType = sourcecode.swift; path = PokemonContentView.swift; sourceTree = "<group>"; };
/* End PBXFileReference section */

/* Begin PBXFrameworksBuildPhase section */
		0E45E1F6287075DE00285D2A /* Frameworks */ = {
			isa = PBXFrameworksBuildPhase;
			buildActionMask = 2147483647;
			files = (
				0EE72C112A483B170053F47B /* SDWebImageSwiftUI in Frameworks */,
				0EB9C4AE29FFA05100817997 /* RealmSwift in Frameworks */,
				0EB9C4AC29FFA05100817997 /* Realm in Frameworks */,
				0ED2DD4128767ACE0082D4C4 /* Alamofire in Frameworks */,
			);
			runOnlyForDeploymentPostprocessing = 0;
		};
		0E45E227287079FF00285D2A /* Frameworks */ = {
			isa = PBXFrameworksBuildPhase;
			buildActionMask = 2147483647;
			files = (
				0EDF9A7528771041004AE2BE /* Alamofire in Frameworks */,
				0E45E22F287079FF00285D2A /* SwiftUI.framework in Frameworks */,
				0EB9C4B029FFA09C00817997 /* Realm in Frameworks */,
				0EB9C4B229FFA09C00817997 /* RealmSwift in Frameworks */,
				0E45E22D287079FF00285D2A /* WidgetKit.framework in Frameworks */,
			);
			runOnlyForDeploymentPostprocessing = 0;
		};
		0E6408052A5BCA1F00AAF180 /* Frameworks */ = {
			isa = PBXFrameworksBuildPhase;
			buildActionMask = 2147483647;
			files = (
				0E9579312A5D5DBC00A87A8C /* Quick in Frameworks */,
				0E9579252A5D5CC600A87A8C /* XCTest.framework in Frameworks */,
				0E95792E2A5D5D9F00A87A8C /* Nimble in Frameworks */,
			);
			runOnlyForDeploymentPostprocessing = 0;
		};
/* End PBXFrameworksBuildPhase section */

/* Begin PBXGroup section */
		0E02B5322882FD1E00CD9CBE /* View */ = {
			isa = PBXGroup;
			children = (
				0E45E231287079FF00285D2A /* pokemon_with_ios_widget.swift */,
			);
			path = View;
			sourceTree = "<group>";
		};
		0E02B5382882FFBA00CD9CBE /* Manager */ = {
			isa = PBXGroup;
			children = (
				0E02B5392882FFD100CD9CBE /* LocalDataManager.swift */,
			);
			path = Manager;
			sourceTree = "<group>";
		};
		0E0D0CDD2A4D6DAE001697FF /* ViewModel */ = {
			isa = PBXGroup;
			children = (
				0EE72C122A49093B0053F47B /* LibraryContentViewModel.swift */,
				0E0D0CE02A4D7A23001697FF /* LibraryContentCellViewModel.swift */,
				0E032F582A50E03600E94035 /* SettingContentViewModel.swift */,
			);
			path = ViewModel;
			sourceTree = "<group>";
		};
		0E0D0CE22A4D7ED3001697FF /* View */ = {
			isa = PBXGroup;
			children = (
				0ED9F2582A5F759100159E66 /* Config */,
				0EFF559B2A2C854100588EB6 /* PokemonContentView.swift */,
			);
			path = View;
			sourceTree = "<group>";
		};
		0E0D0CE32A4D7EDC001697FF /* ViewModel */ = {
			isa = PBXGroup;
			children = (
				0ECE1FAE2A29E2B5002D8992 /* PokemonContentViewModel.swift */,
			);
			path = ViewModel;
			sourceTree = "<group>";
		};
		0E1080432A27528D00E94515 /* Alamofire */ = {
			isa = PBXGroup;
			children = (
				0ED2DD43287680570082D4C4 /* APIAlamofireManager.swift */,
			);
			path = Alamofire;
			sourceTree = "<group>";
		};
		0E45E1F0287075DE00285D2A = {
			isa = PBXGroup;
			children = (
				0E9E153F2A122445003ACDE8 /* pokemon_with_ios_widgetExtension.entitlements */,
				0E87BCAC288EC7C900F9D490 /* Localizable.strings */,
				0E87BCB9288EDA3200F9D490 /* InfoPlist.strings */,
				0EB8E6AA2A16E9F900E643C1 /* Common */,
				0E45E1FB287075DE00285D2A /* pokemon_with_ios */,
				0E45E230287079FF00285D2A /* pokemon_with_ios_widget */,
				0E6408092A5BCA1F00AAF180 /* pokemon_with_iosTests */,
				0E45E22B287079FF00285D2A /* Frameworks */,
				0E45E1FA287075DE00285D2A /* Products */,
			);
			sourceTree = "<group>";
		};
		0E45E1FA287075DE00285D2A /* Products */ = {
			isa = PBXGroup;
			children = (
				0E45E1F9287075DE00285D2A /* pokemon_with_ios.app */,
				0E45E22A287079FF00285D2A /* pokemon_with_ios_widgetExtension.appex */,
				0E6408082A5BCA1F00AAF180 /* pokemon_with_iosTests.xctest */,
			);
			name = Products;
			sourceTree = "<group>";
		};
		0E45E1FB287075DE00285D2A /* pokemon_with_ios */ = {
			isa = PBXGroup;
			children = (
				0E9E15402A12249B003ACDE8 /* pokemon_with_ios.entitlements */,
				0E49C5E0289AB6A6005DB9B1 /* View */,
				0E0D0CDD2A4D6DAE001697FF /* ViewModel */,
				0E45E200287075E200285D2A /* Assets.xcassets */,
				0E45E202287075E300285D2A /* Preview Content */,
			);
			path = pokemon_with_ios;
			sourceTree = "<group>";
		};
		0E45E202287075E300285D2A /* Preview Content */ = {
			isa = PBXGroup;
			children = (
				0E45E203287075E300285D2A /* Preview Assets.xcassets */,
			);
			path = "Preview Content";
			sourceTree = "<group>";
		};
		0E45E22B287079FF00285D2A /* Frameworks */ = {
			isa = PBXGroup;
			children = (
				0E6408122A5BCA7200AAF180 /* XCTest.framework */,
				0E45E22C287079FF00285D2A /* WidgetKit.framework */,
				0E45E22E287079FF00285D2A /* SwiftUI.framework */,
			);
			name = Frameworks;
			sourceTree = "<group>";
		};
		0E45E230287079FF00285D2A /* pokemon_with_ios_widget */ = {
			isa = PBXGroup;
			children = (
				0E02B5322882FD1E00CD9CBE /* View */,
				0E45E233287079FF00285D2A /* pokemon_with_ios_widget.intentdefinition */,
				0E45E23428707A0100285D2A /* Assets.xcassets */,
				0E95E6C828897F2400F05B05 /* Color.xcassets */,
				0E45E23628707A0100285D2A /* Info.plist */,
			);
			path = pokemon_with_ios_widget;
			sourceTree = "<group>";
		};
		0E49C5E0289AB6A6005DB9B1 /* View */ = {
			isa = PBXGroup;
			children = (
				0E45E1FC287075DE00285D2A /* pokemon_with_iosApp.swift */,
				0E45E1FE287075DE00285D2A /* SettingContentView.swift */,
				0EE72C0B2A4716340053F47B /* MainContentView.swift */,
				0EE72C0D2A4716910053F47B /* LibraryContentView.swift */,
				0E94D6942A4BA7DE0093D7AD /* ModalPopUpView.swift */,
			);
			path = View;
			sourceTree = "<group>";
		};
		0E6408092A5BCA1F00AAF180 /* pokemon_with_iosTests */ = {
			isa = PBXGroup;
			children = (
				0E64080A2A5BCA1F00AAF180 /* PokemonEntityValueTests.swift */,
			);
			path = pokemon_with_iosTests;
			sourceTree = "<group>";
		};
		0E78E977287F01F60070EED0 /* Json */ = {
			isa = PBXGroup;
			children = (
				0E78E978287F02B50070EED0 /* Pokemon.json */,
				0EE7AA062880D8E200A3CBD5 /* PokemonSpecies.json */,
				0E9D80DC288A7EFA009D93A4 /* PokemonType.json */,
			);
			path = Json;
			sourceTree = "<group>";
		};
		0E95E6CD2889810D00F05B05 /* Extension */ = {
			isa = PBXGroup;
			children = (
				0E95E6D3288992DE00F05B05 /* Extension_Color.swift */,
				0E0D0CDE2A4D716F001697FF /* Extension_UIViewController.swift */,
			);
			path = Extension;
			sourceTree = "<group>";
		};
		0E9E15412A122CC6003ACDE8 /* Domains */ = {
			isa = PBXGroup;
			children = (
				0ED9F2592A5F75A600159E66 /* Config */,
				0E9E15422A122E00003ACDE8 /* PokemonEntity.swift */,
			);
			path = Domains;
			sourceTree = "<group>";
		};
		0E9E15482A123706003ACDE8 /* DataObjects */ = {
			isa = PBXGroup;
			children = (
				0EBB024C2877FDB50001B5E1 /* Pokemon.swift */,
				0EE7AA0B2880DAB700A3CBD5 /* PokemonSpecies.swift */,
				0E7A11F7288A5EFE001D8006 /* PokemonType.swift */,
			);
			path = DataObjects;
			sourceTree = "<group>";
		};
		0EAE1AA32A138410009D0529 /* DB */ = {
			isa = PBXGroup;
			children = (
				0EAE1AA42A138425009D0529 /* Realm */,
				0EB8E6AB2A16F59A00E643C1 /* IRepository.swift */,
			);
			path = DB;
			sourceTree = "<group>";
		};
		0EAE1AA42A138425009D0529 /* Realm */ = {
			isa = PBXGroup;
			children = (
				0EAE1AA52A138438009D0529 /* Model */,
				0EB9C4B829FFA34B00817997 /* RealmRepository.swift */,
			);
			path = Realm;
			sourceTree = "<group>";
		};
		0EAE1AA52A138438009D0529 /* Model */ = {
			isa = PBXGroup;
			children = (
				0EB9C4B329FFA29A00817997 /* PokemonRealmModel.swift */,
			);
			path = Model;
			sourceTree = "<group>";
		};
		0EB8E6AA2A16E9F900E643C1 /* Common */ = {
			isa = PBXGroup;
			children = (
				0E0D0CE22A4D7ED3001697FF /* View */,
				0E0D0CE32A4D7EDC001697FF /* ViewModel */,
				0ED2DD42287680450082D4C4 /* API */,
				0EAE1AA32A138410009D0529 /* DB */,
				0ED2DD36287678A70082D4C4 /* DTO */,
				0E9E15412A122CC6003ACDE8 /* Domains */,
				0E95E6CD2889810D00F05B05 /* Extension */,
				0EE367962A4E43DC007559A3 /* Test */,
			);
			path = Common;
			sourceTree = "<group>";
		};
		0ED2DD36287678A70082D4C4 /* DTO */ = {
			isa = PBXGroup;
			children = (
				0EBF3D89287D5B07002A8CCF /* PokemonEntityFactory.swift */,
			);
			path = DTO;
			sourceTree = "<group>";
		};
		0ED2DD42287680450082D4C4 /* API */ = {
			isa = PBXGroup;
			children = (
				0E1080432A27528D00E94515 /* Alamofire */,
				0E9E15482A123706003ACDE8 /* DataObjects */,
				0E10803E2A2750F000E94515 /* IAPIManager.swift */,
				0ED2DD3A287679320082D4C4 /* PokemonApiService.swift */,
			);
			path = API;
			sourceTree = "<group>";
		};
		0ED9F2582A5F759100159E66 /* Config */ = {
			isa = PBXGroup;
			children = (
				0E032F5A2A50E15D00E94035 /* ViewConfig.swift */,
			);
			path = Config;
			sourceTree = "<group>";
		};
		0ED9F2592A5F75A600159E66 /* Config */ = {
			isa = PBXGroup;
			children = (
				0ED9F2552A5F6CB900159E66 /* DomainConfig.swift */,
			);
			path = Config;
			sourceTree = "<group>";
		};
		0EE367962A4E43DC007559A3 /* Test */ = {
			isa = PBXGroup;
			children = (
				0E78E977287F01F60070EED0 /* Json */,
				0E02B5382882FFBA00CD9CBE /* Manager */,
			);
			path = Test;
			sourceTree = "<group>";
		};
/* End PBXGroup section */

/* Begin PBXNativeTarget section */
		0E45E1F8287075DE00285D2A /* pokemon_with_ios */ = {
			isa = PBXNativeTarget;
			buildConfigurationList = 0E45E21D287075E300285D2A /* Build configuration list for PBXNativeTarget "pokemon_with_ios" */;
			buildPhases = (
				0E45E1F5287075DE00285D2A /* Sources */,
				0E45E1F6287075DE00285D2A /* Frameworks */,
				0E45E1F7287075DE00285D2A /* Resources */,
				0E45E23C28707A0100285D2A /* Embed App Extensions */,
			);
			buildRules = (
			);
			dependencies = (
				0E45E23A28707A0100285D2A /* PBXTargetDependency */,
			);
			name = pokemon_with_ios;
			packageProductDependencies = (
				0ED2DD4028767ACE0082D4C4 /* Alamofire */,
				0EB9C4AB29FFA05100817997 /* Realm */,
				0EB9C4AD29FFA05100817997 /* RealmSwift */,
				0EE72C102A483B170053F47B /* SDWebImageSwiftUI */,
			);
			productName = pokemon_with_ios;
			productReference = 0E45E1F9287075DE00285D2A /* pokemon_with_ios.app */;
			productType = "com.apple.product-type.application";
		};
		0E45E229287079FF00285D2A /* pokemon_with_ios_widgetExtension */ = {
			isa = PBXNativeTarget;
			buildConfigurationList = 0E45E23F28707A0100285D2A /* Build configuration list for PBXNativeTarget "pokemon_with_ios_widgetExtension" */;
			buildPhases = (
				0E45E226287079FF00285D2A /* Sources */,
				0E45E227287079FF00285D2A /* Frameworks */,
				0E45E228287079FF00285D2A /* Resources */,
			);
			buildRules = (
			);
			dependencies = (
			);
			name = pokemon_with_ios_widgetExtension;
			packageProductDependencies = (
				0EDF9A7428771041004AE2BE /* Alamofire */,
				0EB9C4AF29FFA09C00817997 /* Realm */,
				0EB9C4B129FFA09C00817997 /* RealmSwift */,
			);
			productName = pokemon_with_ios_widgetExtension;
			productReference = 0E45E22A287079FF00285D2A /* pokemon_with_ios_widgetExtension.appex */;
			productType = "com.apple.product-type.app-extension";
		};
		0E6408072A5BCA1F00AAF180 /* pokemon_with_iosTests */ = {
			isa = PBXNativeTarget;
			buildConfigurationList = 0E64080E2A5BCA1F00AAF180 /* Build configuration list for PBXNativeTarget "pokemon_with_iosTests" */;
			buildPhases = (
				0E6408042A5BCA1F00AAF180 /* Sources */,
				0E6408052A5BCA1F00AAF180 /* Frameworks */,
				0E6408062A5BCA1F00AAF180 /* Resources */,
			);
			buildRules = (
			);
			dependencies = (
				0E64080D2A5BCA1F00AAF180 /* PBXTargetDependency */,
			);
			name = pokemon_with_iosTests;
			packageProductDependencies = (
				0E95792D2A5D5D9F00A87A8C /* Nimble */,
				0E9579302A5D5DBC00A87A8C /* Quick */,
			);
			productName = pokemon_with_iosTests;
			productReference = 0E6408082A5BCA1F00AAF180 /* pokemon_with_iosTests.xctest */;
			productType = "com.apple.product-type.bundle.unit-test";
		};
/* End PBXNativeTarget section */

/* Begin PBXProject section */
		0E45E1F1287075DE00285D2A /* Project object */ = {
			isa = PBXProject;
			attributes = {
				BuildIndependentTargetsInParallel = 1;
				LastSwiftUpdateCheck = 1430;
				LastUpgradeCheck = 1340;
				TargetAttributes = {
					0E45E1F8287075DE00285D2A = {
						CreatedOnToolsVersion = 13.4.1;
					};
					0E45E229287079FF00285D2A = {
						CreatedOnToolsVersion = 13.4.1;
					};
					0E6408072A5BCA1F00AAF180 = {
						CreatedOnToolsVersion = 14.3.1;
						TestTargetID = 0E45E1F8287075DE00285D2A;
					};
				};
			};
			buildConfigurationList = 0E45E1F4287075DE00285D2A /* Build configuration list for PBXProject "pokemon_with_ios" */;
			compatibilityVersion = "Xcode 13.0";
			developmentRegion = en;
			hasScannedForEncodings = 0;
			knownRegions = (
				en,
				Base,
				ja,
			);
			mainGroup = 0E45E1F0287075DE00285D2A;
			packageReferences = (
				0ED2DD3F28767ACE0082D4C4 /* XCRemoteSwiftPackageReference "Alamofire" */,
				0EB9C4AA29FFA05100817997 /* XCRemoteSwiftPackageReference "realm-swift" */,
				0EE72C0F2A483B170053F47B /* XCRemoteSwiftPackageReference "SDWebImageSwiftUI" */,
				0E95792C2A5D5D9F00A87A8C /* XCRemoteSwiftPackageReference "Nimble" */,
				0E95792F2A5D5DBC00A87A8C /* XCRemoteSwiftPackageReference "Quick" */,
			);
			productRefGroup = 0E45E1FA287075DE00285D2A /* Products */;
			projectDirPath = "";
			projectRoot = "";
			targets = (
				0E45E1F8287075DE00285D2A /* pokemon_with_ios */,
				0E45E229287079FF00285D2A /* pokemon_with_ios_widgetExtension */,
				0E6408072A5BCA1F00AAF180 /* pokemon_with_iosTests */,
			);
		};
/* End PBXProject section */

/* Begin PBXResourcesBuildPhase section */
		0E45E1F7287075DE00285D2A /* Resources */ = {
			isa = PBXResourcesBuildPhase;
			buildActionMask = 2147483647;
			files = (
				0EE7AA072880D8E200A3CBD5 /* PokemonSpecies.json in Resources */,
				0E87BCB4288EDA3200F9D490 /* InfoPlist.strings in Resources */,
				0E78E979287F02B50070EED0 /* Pokemon.json in Resources */,
				0E95E6C928897F2400F05B05 /* Color.xcassets in Resources */,
				0E87BCA7288EC7C900F9D490 /* Localizable.strings in Resources */,
				0E45E204287075E300285D2A /* Preview Assets.xcassets in Resources */,
				0E45E201287075E200285D2A /* Assets.xcassets in Resources */,
				0E9D80DD288A7EFA009D93A4 /* PokemonType.json in Resources */,
			);
			runOnlyForDeploymentPostprocessing = 0;
		};
		0E45E228287079FF00285D2A /* Resources */ = {
			isa = PBXResourcesBuildPhase;
			buildActionMask = 2147483647;
			files = (
				0E45E23528707A0100285D2A /* Assets.xcassets in Resources */,
				0E87BCB7288EDA3200F9D490 /* InfoPlist.strings in Resources */,
				0E87BCAA288EC7C900F9D490 /* Localizable.strings in Resources */,
				0E95E6CC28897F2400F05B05 /* Color.xcassets in Resources */,
				0E78E97C287F02B50070EED0 /* Pokemon.json in Resources */,
				0EE7AA0A2880D8E200A3CBD5 /* PokemonSpecies.json in Resources */,
				0E9D80E0288A7EFA009D93A4 /* PokemonType.json in Resources */,
			);
			runOnlyForDeploymentPostprocessing = 0;
		};
		0E6408062A5BCA1F00AAF180 /* Resources */ = {
			isa = PBXResourcesBuildPhase;
			buildActionMask = 2147483647;
			files = (
			);
			runOnlyForDeploymentPostprocessing = 0;
		};
/* End PBXResourcesBuildPhase section */

/* Begin PBXSourcesBuildPhase section */
		0E45E1F5287075DE00285D2A /* Sources */ = {
			isa = PBXSourcesBuildPhase;
			buildActionMask = 2147483647;
			files = (
				0E95E6D4288992DE00F05B05 /* Extension_Color.swift in Sources */,
				0E10803F2A2750F000E94515 /* IAPIManager.swift in Sources */,
				0EFF559C2A2C854100588EB6 /* PokemonContentView.swift in Sources */,
				0E45E1FF287075DE00285D2A /* SettingContentView.swift in Sources */,
				0E94D6952A4BA7DE0093D7AD /* ModalPopUpView.swift in Sources */,
				0E45E23828707A0100285D2A /* pokemon_with_ios_widget.intentdefinition in Sources */,
				0ED2DD44287680570082D4C4 /* APIAlamofireManager.swift in Sources */,
				0E02B53A2882FFD100CD9CBE /* LocalDataManager.swift in Sources */,
				0EB9C4B929FFA34B00817997 /* RealmRepository.swift in Sources */,
				0ED2DD3B287679320082D4C4 /* PokemonApiService.swift in Sources */,
				0EE7AA0C2880DAB700A3CBD5 /* PokemonSpecies.swift in Sources */,
				0E45E1FD287075DE00285D2A /* pokemon_with_iosApp.swift in Sources */,
				0EB9C4B429FFA29B00817997 /* PokemonRealmModel.swift in Sources */,
				0EE72C0E2A4716910053F47B /* LibraryContentView.swift in Sources */,
				0EBF3D8A287D5B07002A8CCF /* PokemonEntityFactory.swift in Sources */,
				0EE72C132A49093B0053F47B /* LibraryContentViewModel.swift in Sources */,
				0E0D0CE12A4D7A23001697FF /* LibraryContentCellViewModel.swift in Sources */,
				0EB8E6AC2A16F59A00E643C1 /* IRepository.swift in Sources */,
				0E9E15432A122E00003ACDE8 /* PokemonEntity.swift in Sources */,
				0E032F5B2A50E15D00E94035 /* ViewConfig.swift in Sources */,
				0EBB024D2877FDB50001B5E1 /* Pokemon.swift in Sources */,
				0E7A11F8288A5EFE001D8006 /* PokemonType.swift in Sources */,
				0ECE1FAF2A29E2B5002D8992 /* PokemonContentViewModel.swift in Sources */,
				0EE72C0C2A4716340053F47B /* MainContentView.swift in Sources */,
				0E032F592A50E03600E94035 /* SettingContentViewModel.swift in Sources */,
				0E0D0CDF2A4D716F001697FF /* Extension_UIViewController.swift in Sources */,
				0ED9F2562A5F6CB900159E66 /* DomainConfig.swift in Sources */,
			);
			runOnlyForDeploymentPostprocessing = 0;
		};
		0E45E226287079FF00285D2A /* Sources */ = {
			isa = PBXSourcesBuildPhase;
			buildActionMask = 2147483647;
			files = (
				0ED9F2572A5F6E1D00159E66 /* DomainConfig.swift in Sources */,
				0EBB02502877FDB50001B5E1 /* Pokemon.swift in Sources */,
				0E9E15462A122E00003ACDE8 /* PokemonEntity.swift in Sources */,
				0EE7AA0F2880DAB700A3CBD5 /* PokemonSpecies.swift in Sources */,
				0E02B53D2882FFD100CD9CBE /* LocalDataManager.swift in Sources */,
				0EFF559F2A2C854100588EB6 /* PokemonContentView.swift in Sources */,
				0ECE1FB22A29E2B5002D8992 /* PokemonContentViewModel.swift in Sources */,
				0E1080422A2750F000E94515 /* IAPIManager.swift in Sources */,
				0ED2DD47287680570082D4C4 /* APIAlamofireManager.swift in Sources */,
				0EB9C4BC29FFA34B00817997 /* RealmRepository.swift in Sources */,
				0EB8E6AF2A16F5D400E643C1 /* IRepository.swift in Sources */,
				0E7A11FB288A5EFE001D8006 /* PokemonType.swift in Sources */,
				0E45E23728707A0100285D2A /* pokemon_with_ios_widget.intentdefinition in Sources */,
				0E032F5C2A51518B00E94035 /* ViewConfig.swift in Sources */,
				0EBF3D8D287D5B08002A8CCF /* PokemonEntityFactory.swift in Sources */,
				0E45E232287079FF00285D2A /* pokemon_with_ios_widget.swift in Sources */,
				0EB9C4B729FFA29B00817997 /* PokemonRealmModel.swift in Sources */,
				0ED2DD3E287679320082D4C4 /* PokemonApiService.swift in Sources */,
				0E95E6D7288992DE00F05B05 /* Extension_Color.swift in Sources */,
			);
			runOnlyForDeploymentPostprocessing = 0;
		};
		0E6408042A5BCA1F00AAF180 /* Sources */ = {
			isa = PBXSourcesBuildPhase;
			buildActionMask = 2147483647;
			files = (
				0E64081F2A5BCC9200AAF180 /* Extension_Color.swift in Sources */,
				0E64081E2A5BCC6800AAF180 /* PokemonEntity.swift in Sources */,
				0E64080B2A5BCA1F00AAF180 /* PokemonEntityValueTests.swift in Sources */,
			);
			runOnlyForDeploymentPostprocessing = 0;
		};
/* End PBXSourcesBuildPhase section */

/* Begin PBXTargetDependency section */
		0E45E23A28707A0100285D2A /* PBXTargetDependency */ = {
			isa = PBXTargetDependency;
			target = 0E45E229287079FF00285D2A /* pokemon_with_ios_widgetExtension */;
			targetProxy = 0E45E23928707A0100285D2A /* PBXContainerItemProxy */;
		};
		0E64080D2A5BCA1F00AAF180 /* PBXTargetDependency */ = {
			isa = PBXTargetDependency;
			target = 0E45E1F8287075DE00285D2A /* pokemon_with_ios */;
			targetProxy = 0E64080C2A5BCA1F00AAF180 /* PBXContainerItemProxy */;
		};
/* End PBXTargetDependency section */

/* Begin PBXVariantGroup section */
		0E87BCAC288EC7C900F9D490 /* Localizable.strings */ = {
			isa = PBXVariantGroup;
			children = (
				0E87BCAB288EC7C900F9D490 /* en */,
				0E87BCAD288EC7CB00F9D490 /* ja */,
			);
			name = Localizable.strings;
			sourceTree = "<group>";
		};
		0E87BCB9288EDA3200F9D490 /* InfoPlist.strings */ = {
			isa = PBXVariantGroup;
			children = (
				0E87BCB8288EDA3200F9D490 /* en */,
				0E87BCBA288EDA3400F9D490 /* ja */,
			);
			name = InfoPlist.strings;
			sourceTree = "<group>";
		};
/* End PBXVariantGroup section */

/* Begin XCBuildConfiguration section */
		0E45E21B287075E300285D2A /* Debug */ = {
			isa = XCBuildConfiguration;
			buildSettings = {
				ALWAYS_SEARCH_USER_PATHS = NO;
				CLANG_ANALYZER_NONNULL = YES;
				CLANG_ANALYZER_NUMBER_OBJECT_CONVERSION = YES_AGGRESSIVE;
				CLANG_CXX_LANGUAGE_STANDARD = "gnu++17";
				CLANG_ENABLE_MODULES = YES;
				CLANG_ENABLE_OBJC_ARC = YES;
				CLANG_ENABLE_OBJC_WEAK = YES;
				CLANG_WARN_BLOCK_CAPTURE_AUTORELEASING = YES;
				CLANG_WARN_BOOL_CONVERSION = YES;
				CLANG_WARN_COMMA = YES;
				CLANG_WARN_CONSTANT_CONVERSION = YES;
				CLANG_WARN_DEPRECATED_OBJC_IMPLEMENTATIONS = YES;
				CLANG_WARN_DIRECT_OBJC_ISA_USAGE = YES_ERROR;
				CLANG_WARN_DOCUMENTATION_COMMENTS = YES;
				CLANG_WARN_EMPTY_BODY = YES;
				CLANG_WARN_ENUM_CONVERSION = YES;
				CLANG_WARN_INFINITE_RECURSION = YES;
				CLANG_WARN_INT_CONVERSION = YES;
				CLANG_WARN_NON_LITERAL_NULL_CONVERSION = YES;
				CLANG_WARN_OBJC_IMPLICIT_RETAIN_SELF = YES;
				CLANG_WARN_OBJC_LITERAL_CONVERSION = YES;
				CLANG_WARN_OBJC_ROOT_CLASS = YES_ERROR;
				CLANG_WARN_QUOTED_INCLUDE_IN_FRAMEWORK_HEADER = YES;
				CLANG_WARN_RANGE_LOOP_ANALYSIS = YES;
				CLANG_WARN_STRICT_PROTOTYPES = YES;
				CLANG_WARN_SUSPICIOUS_MOVE = YES;
				CLANG_WARN_UNGUARDED_AVAILABILITY = YES_AGGRESSIVE;
				CLANG_WARN_UNREACHABLE_CODE = YES;
				CLANG_WARN__DUPLICATE_METHOD_MATCH = YES;
				COPY_PHASE_STRIP = NO;
				DEBUG_INFORMATION_FORMAT = dwarf;
				ENABLE_STRICT_OBJC_MSGSEND = YES;
				ENABLE_TESTABILITY = YES;
				GCC_C_LANGUAGE_STANDARD = gnu11;
				GCC_DYNAMIC_NO_PIC = NO;
				GCC_NO_COMMON_BLOCKS = YES;
				GCC_OPTIMIZATION_LEVEL = 0;
				GCC_PREPROCESSOR_DEFINITIONS = (
					"DEBUG=1",
					"$(inherited)",
				);
				GCC_WARN_64_TO_32_BIT_CONVERSION = YES;
				GCC_WARN_ABOUT_RETURN_TYPE = YES_ERROR;
				GCC_WARN_UNDECLARED_SELECTOR = YES;
				GCC_WARN_UNINITIALIZED_AUTOS = YES_AGGRESSIVE;
				GCC_WARN_UNUSED_FUNCTION = YES;
				GCC_WARN_UNUSED_VARIABLE = YES;
				IPHONEOS_DEPLOYMENT_TARGET = 15.5;
				MTL_ENABLE_DEBUG_INFO = INCLUDE_SOURCE;
				MTL_FAST_MATH = YES;
				ONLY_ACTIVE_ARCH = YES;
				SDKROOT = iphoneos;
				SWIFT_ACTIVE_COMPILATION_CONDITIONS = DEBUG;
				SWIFT_OPTIMIZATION_LEVEL = "-Onone";
			};
			name = Debug;
		};
		0E45E21C287075E300285D2A /* Release */ = {
			isa = XCBuildConfiguration;
			buildSettings = {
				ALWAYS_SEARCH_USER_PATHS = NO;
				CLANG_ANALYZER_NONNULL = YES;
				CLANG_ANALYZER_NUMBER_OBJECT_CONVERSION = YES_AGGRESSIVE;
				CLANG_CXX_LANGUAGE_STANDARD = "gnu++17";
				CLANG_ENABLE_MODULES = YES;
				CLANG_ENABLE_OBJC_ARC = YES;
				CLANG_ENABLE_OBJC_WEAK = YES;
				CLANG_WARN_BLOCK_CAPTURE_AUTORELEASING = YES;
				CLANG_WARN_BOOL_CONVERSION = YES;
				CLANG_WARN_COMMA = YES;
				CLANG_WARN_CONSTANT_CONVERSION = YES;
				CLANG_WARN_DEPRECATED_OBJC_IMPLEMENTATIONS = YES;
				CLANG_WARN_DIRECT_OBJC_ISA_USAGE = YES_ERROR;
				CLANG_WARN_DOCUMENTATION_COMMENTS = YES;
				CLANG_WARN_EMPTY_BODY = YES;
				CLANG_WARN_ENUM_CONVERSION = YES;
				CLANG_WARN_INFINITE_RECURSION = YES;
				CLANG_WARN_INT_CONVERSION = YES;
				CLANG_WARN_NON_LITERAL_NULL_CONVERSION = YES;
				CLANG_WARN_OBJC_IMPLICIT_RETAIN_SELF = YES;
				CLANG_WARN_OBJC_LITERAL_CONVERSION = YES;
				CLANG_WARN_OBJC_ROOT_CLASS = YES_ERROR;
				CLANG_WARN_QUOTED_INCLUDE_IN_FRAMEWORK_HEADER = YES;
				CLANG_WARN_RANGE_LOOP_ANALYSIS = YES;
				CLANG_WARN_STRICT_PROTOTYPES = YES;
				CLANG_WARN_SUSPICIOUS_MOVE = YES;
				CLANG_WARN_UNGUARDED_AVAILABILITY = YES_AGGRESSIVE;
				CLANG_WARN_UNREACHABLE_CODE = YES;
				CLANG_WARN__DUPLICATE_METHOD_MATCH = YES;
				COPY_PHASE_STRIP = NO;
				DEBUG_INFORMATION_FORMAT = "dwarf-with-dsym";
				ENABLE_NS_ASSERTIONS = NO;
				ENABLE_STRICT_OBJC_MSGSEND = YES;
				GCC_C_LANGUAGE_STANDARD = gnu11;
				GCC_NO_COMMON_BLOCKS = YES;
				GCC_WARN_64_TO_32_BIT_CONVERSION = YES;
				GCC_WARN_ABOUT_RETURN_TYPE = YES_ERROR;
				GCC_WARN_UNDECLARED_SELECTOR = YES;
				GCC_WARN_UNINITIALIZED_AUTOS = YES_AGGRESSIVE;
				GCC_WARN_UNUSED_FUNCTION = YES;
				GCC_WARN_UNUSED_VARIABLE = YES;
				IPHONEOS_DEPLOYMENT_TARGET = 15.5;
				MTL_ENABLE_DEBUG_INFO = NO;
				MTL_FAST_MATH = YES;
				SDKROOT = iphoneos;
				SWIFT_COMPILATION_MODE = wholemodule;
				SWIFT_OPTIMIZATION_LEVEL = "-O";
				VALIDATE_PRODUCT = YES;
			};
			name = Release;
		};
		0E45E21E287075E300285D2A /* Debug */ = {
			isa = XCBuildConfiguration;
			buildSettings = {
				ALWAYS_EMBED_SWIFT_STANDARD_LIBRARIES = YES;
				ASSETCATALOG_COMPILER_APPICON_NAME = AppIcon;
				ASSETCATALOG_COMPILER_GLOBAL_ACCENT_COLOR_NAME = AccentColor;
				CODE_SIGN_ENTITLEMENTS = pokemon_with_ios/pokemon_with_ios.entitlements;
				CODE_SIGN_STYLE = Automatic;
				CURRENT_PROJECT_VERSION = 1;
				DEVELOPMENT_ASSET_PATHS = "\"pokemon_with_ios/Preview Content\"";
				DEVELOPMENT_TEAM = MSDQFFFB37;
				ENABLE_PREVIEWS = YES;
				GENERATE_INFOPLIST_FILE = YES;
				INFOPLIST_KEY_CFBundleDisplayName = "Pokémon WITH";
				INFOPLIST_KEY_UIApplicationSceneManifest_Generation = YES;
				INFOPLIST_KEY_UIApplicationSupportsIndirectInputEvents = YES;
				INFOPLIST_KEY_UILaunchScreen_Generation = YES;
				INFOPLIST_KEY_UIRequiresFullScreen = YES;
				INFOPLIST_KEY_UISupportedInterfaceOrientations = UIInterfaceOrientationPortrait;
				LD_RUNPATH_SEARCH_PATHS = (
					"$(inherited)",
					"@executable_path/Frameworks",
				);
				MARKETING_VERSION = 2.0.0;
				PRODUCT_BUNDLE_IDENTIFIER = com.tatsunori.morita.pokemonwith;
				PRODUCT_NAME = pokemon_with_ios;
				SWIFT_EMIT_LOC_STRINGS = YES;
				SWIFT_VERSION = 5.0;
				TARGETED_DEVICE_FAMILY = "1,2";
			};
			name = Debug;
		};
		0E45E21F287075E300285D2A /* Release */ = {
			isa = XCBuildConfiguration;
			buildSettings = {
				ALWAYS_EMBED_SWIFT_STANDARD_LIBRARIES = YES;
				ASSETCATALOG_COMPILER_APPICON_NAME = AppIcon;
				ASSETCATALOG_COMPILER_GLOBAL_ACCENT_COLOR_NAME = AccentColor;
				CODE_SIGN_ENTITLEMENTS = pokemon_with_ios/pokemon_with_ios.entitlements;
				CODE_SIGN_STYLE = Automatic;
				CURRENT_PROJECT_VERSION = 1;
				DEVELOPMENT_ASSET_PATHS = "\"pokemon_with_ios/Preview Content\"";
				DEVELOPMENT_TEAM = MSDQFFFB37;
				ENABLE_PREVIEWS = YES;
				GENERATE_INFOPLIST_FILE = YES;
				INFOPLIST_KEY_CFBundleDisplayName = "Pokémon WITH";
				INFOPLIST_KEY_UIApplicationSceneManifest_Generation = YES;
				INFOPLIST_KEY_UIApplicationSupportsIndirectInputEvents = YES;
				INFOPLIST_KEY_UILaunchScreen_Generation = YES;
				INFOPLIST_KEY_UIRequiresFullScreen = YES;
				INFOPLIST_KEY_UISupportedInterfaceOrientations = UIInterfaceOrientationPortrait;
				LD_RUNPATH_SEARCH_PATHS = (
					"$(inherited)",
					"@executable_path/Frameworks",
				);
				MARKETING_VERSION = 2.0.0;
				PRODUCT_BUNDLE_IDENTIFIER = com.tatsunori.morita.pokemonwith;
				PRODUCT_NAME = pokemon_with_ios;
				SWIFT_EMIT_LOC_STRINGS = YES;
				SWIFT_VERSION = 5.0;
				TARGETED_DEVICE_FAMILY = "1,2";
			};
			name = Release;
		};
		0E45E23D28707A0100285D2A /* Debug */ = {
			isa = XCBuildConfiguration;
			buildSettings = {
				ASSETCATALOG_COMPILER_GLOBAL_ACCENT_COLOR_NAME = AccentColor;
				ASSETCATALOG_COMPILER_WIDGET_BACKGROUND_COLOR_NAME = WidgetBackground;
				CODE_SIGN_ENTITLEMENTS = pokemon_with_ios_widgetExtension.entitlements;
				CODE_SIGN_STYLE = Automatic;
				CURRENT_PROJECT_VERSION = 1;
				DEVELOPMENT_TEAM = MSDQFFFB37;
				GENERATE_INFOPLIST_FILE = YES;
				INFOPLIST_FILE = pokemon_with_ios_widget/Info.plist;
				INFOPLIST_KEY_CFBundleDisplayName = "Pokémon WITH";
				INFOPLIST_KEY_NSHumanReadableCopyright = "";
				LD_RUNPATH_SEARCH_PATHS = (
					"$(inherited)",
					"@executable_path/Frameworks",
					"@executable_path/../../Frameworks",
				);
				MARKETING_VERSION = 2.0.0;
				PRODUCT_BUNDLE_IDENTIFIER = com.tatsunori.morita.pokemonwith.widget;
				PRODUCT_NAME = "$(TARGET_NAME)";
				SKIP_INSTALL = YES;
				SWIFT_EMIT_LOC_STRINGS = YES;
				SWIFT_VERSION = 5.0;
				TARGETED_DEVICE_FAMILY = "1,2";
			};
			name = Debug;
		};
		0E45E23E28707A0100285D2A /* Release */ = {
			isa = XCBuildConfiguration;
			buildSettings = {
				ASSETCATALOG_COMPILER_GLOBAL_ACCENT_COLOR_NAME = AccentColor;
				ASSETCATALOG_COMPILER_WIDGET_BACKGROUND_COLOR_NAME = WidgetBackground;
				CODE_SIGN_ENTITLEMENTS = pokemon_with_ios_widgetExtension.entitlements;
				CODE_SIGN_STYLE = Automatic;
				CURRENT_PROJECT_VERSION = 1;
				DEVELOPMENT_TEAM = MSDQFFFB37;
				GENERATE_INFOPLIST_FILE = YES;
				INFOPLIST_FILE = pokemon_with_ios_widget/Info.plist;
				INFOPLIST_KEY_CFBundleDisplayName = "Pokémon WITH";
				INFOPLIST_KEY_NSHumanReadableCopyright = "";
				LD_RUNPATH_SEARCH_PATHS = (
					"$(inherited)",
					"@executable_path/Frameworks",
					"@executable_path/../../Frameworks",
				);
				MARKETING_VERSION = 2.0.0;
				PRODUCT_BUNDLE_IDENTIFIER = com.tatsunori.morita.pokemonwith.widget;
				PRODUCT_NAME = "$(TARGET_NAME)";
				SKIP_INSTALL = YES;
				SWIFT_EMIT_LOC_STRINGS = YES;
				SWIFT_VERSION = 5.0;
				TARGETED_DEVICE_FAMILY = "1,2";
			};
			name = Release;
		};
		0E64080F2A5BCA1F00AAF180 /* Debug */ = {
			isa = XCBuildConfiguration;
			buildSettings = {
				BUNDLE_LOADER = "$(TEST_HOST)";
				CLANG_CXX_LANGUAGE_STANDARD = "gnu++20";
				CODE_SIGN_STYLE = Automatic;
				CURRENT_PROJECT_VERSION = 1;
				DEVELOPMENT_TEAM = MSDQFFFB37;
				GENERATE_INFOPLIST_FILE = YES;
				IPHONEOS_DEPLOYMENT_TARGET = 16.4;
				MARKETING_VERSION = 1.0;
				PRODUCT_BUNDLE_IDENTIFIER = "com.tatsunori.morita.pokemon-with-iosTests";
				PRODUCT_NAME = "$(TARGET_NAME)";
				SWIFT_EMIT_LOC_STRINGS = NO;
				SWIFT_VERSION = 5.0;
				TARGETED_DEVICE_FAMILY = "1,2";
				TEST_HOST = "$(BUILT_PRODUCTS_DIR)/pokemon_with_ios.app/$(BUNDLE_EXECUTABLE_FOLDER_PATH)/pokemon_with_ios";
			};
			name = Debug;
		};
		0E6408102A5BCA1F00AAF180 /* Release */ = {
			isa = XCBuildConfiguration;
			buildSettings = {
				BUNDLE_LOADER = "$(TEST_HOST)";
				CLANG_CXX_LANGUAGE_STANDARD = "gnu++20";
				CODE_SIGN_STYLE = Automatic;
				CURRENT_PROJECT_VERSION = 1;
				DEVELOPMENT_TEAM = MSDQFFFB37;
				GENERATE_INFOPLIST_FILE = YES;
				IPHONEOS_DEPLOYMENT_TARGET = 16.4;
				MARKETING_VERSION = 1.0;
				PRODUCT_BUNDLE_IDENTIFIER = "com.tatsunori.morita.pokemon-with-iosTests";
				PRODUCT_NAME = "$(TARGET_NAME)";
				SWIFT_EMIT_LOC_STRINGS = NO;
				SWIFT_VERSION = 5.0;
				TARGETED_DEVICE_FAMILY = "1,2";
				TEST_HOST = "$(BUILT_PRODUCTS_DIR)/pokemon_with_ios.app/$(BUNDLE_EXECUTABLE_FOLDER_PATH)/pokemon_with_ios";
			};
			name = Release;
		};
/* End XCBuildConfiguration section */

/* Begin XCConfigurationList section */
		0E45E1F4287075DE00285D2A /* Build configuration list for PBXProject "pokemon_with_ios" */ = {
			isa = XCConfigurationList;
			buildConfigurations = (
				0E45E21B287075E300285D2A /* Debug */,
				0E45E21C287075E300285D2A /* Release */,
			);
			defaultConfigurationIsVisible = 0;
			defaultConfigurationName = Release;
		};
		0E45E21D287075E300285D2A /* Build configuration list for PBXNativeTarget "pokemon_with_ios" */ = {
			isa = XCConfigurationList;
			buildConfigurations = (
				0E45E21E287075E300285D2A /* Debug */,
				0E45E21F287075E300285D2A /* Release */,
			);
			defaultConfigurationIsVisible = 0;
			defaultConfigurationName = Release;
		};
		0E45E23F28707A0100285D2A /* Build configuration list for PBXNativeTarget "pokemon_with_ios_widgetExtension" */ = {
			isa = XCConfigurationList;
			buildConfigurations = (
				0E45E23D28707A0100285D2A /* Debug */,
				0E45E23E28707A0100285D2A /* Release */,
			);
			defaultConfigurationIsVisible = 0;
			defaultConfigurationName = Release;
		};
		0E64080E2A5BCA1F00AAF180 /* Build configuration list for PBXNativeTarget "pokemon_with_iosTests" */ = {
			isa = XCConfigurationList;
			buildConfigurations = (
				0E64080F2A5BCA1F00AAF180 /* Debug */,
				0E6408102A5BCA1F00AAF180 /* Release */,
			);
			defaultConfigurationIsVisible = 0;
			defaultConfigurationName = Release;
		};
/* End XCConfigurationList section */

/* Begin XCRemoteSwiftPackageReference section */
		0E95792C2A5D5D9F00A87A8C /* XCRemoteSwiftPackageReference "Nimble" */ = {
			isa = XCRemoteSwiftPackageReference;
			repositoryURL = "https://github.com/Quick/Nimble";
			requirement = {
				branch = main;
				kind = branch;
			};
		};
		0E95792F2A5D5DBC00A87A8C /* XCRemoteSwiftPackageReference "Quick" */ = {
			isa = XCRemoteSwiftPackageReference;
			repositoryURL = "https://github.com/Quick/Quick";
			requirement = {
				branch = main;
				kind = branch;
			};
		};
		0EB9C4AA29FFA05100817997 /* XCRemoteSwiftPackageReference "realm-swift" */ = {
			isa = XCRemoteSwiftPackageReference;
			repositoryURL = "https://github.com/realm/realm-swift.git";
			requirement = {
				branch = master;
				kind = branch;
			};
		};
		0ED2DD3F28767ACE0082D4C4 /* XCRemoteSwiftPackageReference "Alamofire" */ = {
			isa = XCRemoteSwiftPackageReference;
			repositoryURL = "https://github.com/Alamofire/Alamofire";
			requirement = {
				kind = upToNextMajorVersion;
				minimumVersion = 5.0.0;
			};
		};
		0EE72C0F2A483B170053F47B /* XCRemoteSwiftPackageReference "SDWebImageSwiftUI" */ = {
			isa = XCRemoteSwiftPackageReference;
			repositoryURL = "https://github.com/SDWebImage/SDWebImageSwiftUI";
			requirement = {
				kind = upToNextMajorVersion;
				minimumVersion = 2.0.0;
			};
		};
/* End XCRemoteSwiftPackageReference section */

/* Begin XCSwiftPackageProductDependency section */
		0E95792D2A5D5D9F00A87A8C /* Nimble */ = {
			isa = XCSwiftPackageProductDependency;
			package = 0E95792C2A5D5D9F00A87A8C /* XCRemoteSwiftPackageReference "Nimble" */;
			productName = Nimble;
		};
		0E9579302A5D5DBC00A87A8C /* Quick */ = {
			isa = XCSwiftPackageProductDependency;
			package = 0E95792F2A5D5DBC00A87A8C /* XCRemoteSwiftPackageReference "Quick" */;
			productName = Quick;
		};
		0EB9C4AB29FFA05100817997 /* Realm */ = {
			isa = XCSwiftPackageProductDependency;
			package = 0EB9C4AA29FFA05100817997 /* XCRemoteSwiftPackageReference "realm-swift" */;
			productName = Realm;
		};
		0EB9C4AD29FFA05100817997 /* RealmSwift */ = {
			isa = XCSwiftPackageProductDependency;
			package = 0EB9C4AA29FFA05100817997 /* XCRemoteSwiftPackageReference "realm-swift" */;
			productName = RealmSwift;
		};
		0EB9C4AF29FFA09C00817997 /* Realm */ = {
			isa = XCSwiftPackageProductDependency;
			package = 0EB9C4AA29FFA05100817997 /* XCRemoteSwiftPackageReference "realm-swift" */;
			productName = Realm;
		};
		0EB9C4B129FFA09C00817997 /* RealmSwift */ = {
			isa = XCSwiftPackageProductDependency;
			package = 0EB9C4AA29FFA05100817997 /* XCRemoteSwiftPackageReference "realm-swift" */;
			productName = RealmSwift;
		};
		0ED2DD4028767ACE0082D4C4 /* Alamofire */ = {
			isa = XCSwiftPackageProductDependency;
			package = 0ED2DD3F28767ACE0082D4C4 /* XCRemoteSwiftPackageReference "Alamofire" */;
			productName = Alamofire;
		};
		0EDF9A7428771041004AE2BE /* Alamofire */ = {
			isa = XCSwiftPackageProductDependency;
			package = 0ED2DD3F28767ACE0082D4C4 /* XCRemoteSwiftPackageReference "Alamofire" */;
			productName = Alamofire;
		};
		0EE72C102A483B170053F47B /* SDWebImageSwiftUI */ = {
			isa = XCSwiftPackageProductDependency;
			package = 0EE72C0F2A483B170053F47B /* XCRemoteSwiftPackageReference "SDWebImageSwiftUI" */;
			productName = SDWebImageSwiftUI;
		};
/* End XCSwiftPackageProductDependency section */
	};
	rootObject = 0E45E1F1287075DE00285D2A /* Project object */;
}
